
Microsoft Visual Studio Solution File, Format Version 12.00
# Visual Studio 2013
VisualStudioVersion = 12.0.31101.0
MinimumVisualStudioVersion = 10.0.40219.1
Project("{FAE04EC0-301F-11D3-BF4B-00C04F79EFBC}") = "Агрегатор контактов(ASP.NET Application)", "ASP.NET\Агрегатор контактов(ASP.NET Application).csproj", "{6CC2BC76-FB44-41D3-99CD-64C3158DDDD2}"
EndProject
Project("{FAE04EC0-301F-11D3-BF4B-00C04F79EFBC}") = "Агрегатор контактов(Objects)", "Objects\Агрегатор контактов(Objects).csproj", "{E25E054C-A464-4E9C-9BFE-8BF70F980665}"
EndProject
Global
	GlobalSection(SolutionConfigurationPlatforms) = preSolution
Debug|Any CPU = Debug|Any CPU
Release|Any CPU = Release|Any CPU
	EndGlobalSection
	GlobalSection(ProjectConfigurationPlatforms) = postSolution
		{6CC2BC76-FB44-41D3-99CD-64C3158DDDD2}.Debug|Any CPU.ActiveCfg = Debug|Any CPU
		{6CC2BC76-FB44-41D3-99CD-64C3158DDDD2}.Debug|Any CPU.Build.0 = Debug|Any CPU
		{6CC2BC76-FB44-41D3-99CD-64C3158DDDD2}.Release|Any CPU.ActiveCfg = Release|Any CPU
		{6CC2BC76-FB44-41D3-99CD-64C3158DDDD2}.Release|Any CPU.Build.0 = Release|Any CPU
		{E25E054C-A464-4E9C-9BFE-8BF70F980665}.Debug|Any CPU.ActiveCfg = Debug|Any CPU
		{E25E054C-A464-4E9C-9BFE-8BF70F980665}.Debug|Any CPU.Build.0 = Debug|Any CPU
		{E25E054C-A464-4E9C-9BFE-8BF70F980665}.Release|Any CPU.ActiveCfg = Release|Any CPU
		{E25E054C-A464-4E9C-9BFE-8BF70F980665}.Release|Any CPU.Build.0 = Release|Any CPU
	EndGlobalSection
	GlobalSection(SolutionProperties) = preSolution
		HideSolutionNode = FALSE
	EndGlobalSection
EndGlobal
