
Microsoft Visual Studio Solution File, Format Version 12.00
# Visual Studio 2013
VisualStudioVersion = 12.0.31101.0
MinimumVisualStudioVersion = 10.0.40219.1
Project("{FAE04EC0-301F-11D3-BF4B-00C04F79EFBC}") = "Product_37352(ASP.NET Application)", "ASP.NET\Product_37352(ASP.NET Application).csproj", "{2D0F4822-CF1F-4FD5-B230-731043ED0339}"
EndProject
Project("{FAE04EC0-301F-11D3-BF4B-00C04F79EFBC}") = "Product_37352(Objects)", "Objects\Product_37352(Objects).csproj", "{65ACEF21-DBFB-41A7-BC8A-58DDDFD34597}"
EndProject
Global
	GlobalSection(SolutionConfigurationPlatforms) = preSolution
Debug|Any CPU = Debug|Any CPU
Release|Any CPU = Release|Any CPU
	EndGlobalSection
	GlobalSection(ProjectConfigurationPlatforms) = postSolution
		{2D0F4822-CF1F-4FD5-B230-731043ED0339}.Debug|Any CPU.ActiveCfg = Debug|Any CPU
		{2D0F4822-CF1F-4FD5-B230-731043ED0339}.Debug|Any CPU.Build.0 = Debug|Any CPU
		{2D0F4822-CF1F-4FD5-B230-731043ED0339}.Release|Any CPU.ActiveCfg = Release|Any CPU
		{2D0F4822-CF1F-4FD5-B230-731043ED0339}.Release|Any CPU.Build.0 = Release|Any CPU
		{65ACEF21-DBFB-41A7-BC8A-58DDDFD34597}.Debug|Any CPU.ActiveCfg = Debug|Any CPU
		{65ACEF21-DBFB-41A7-BC8A-58DDDFD34597}.Debug|Any CPU.Build.0 = Debug|Any CPU
		{65ACEF21-DBFB-41A7-BC8A-58DDDFD34597}.Release|Any CPU.ActiveCfg = Release|Any CPU
		{65ACEF21-DBFB-41A7-BC8A-58DDDFD34597}.Release|Any CPU.Build.0 = Release|Any CPU
	EndGlobalSection
	GlobalSection(SolutionProperties) = preSolution
		HideSolutionNode = FALSE
	EndGlobalSection
EndGlobal
