
Microsoft Visual Studio Solution File, Format Version 12.00
# Visual Studio 14
VisualStudioVersion = 14.0.25420.1
MinimumVisualStudioVersion = 10.0.40219.1
Project("{FAE04EC0-301F-11D3-BF4B-00C04F79EFBC}") = "WorkTimeLibrary", "WorkTimeBuilder\WorkTimeLibrary.csproj", "{10CDAD2B-A00B-4E51-BA3A-38BEA938CB2C}"
EndProject
Project("{FAE04EC0-301F-11D3-BF4B-00C04F79EFBC}") = "WorkTimeLibraryTest", "WorkTimeLibraryTest\WorkTimeLibraryTest.csproj", "{87D411F4-C6F6-49AC-8B04-C4AD98F04D5D}"
EndProject
Project("{FAE04EC0-301F-11D3-BF4B-00C04F79EFBC}") = "ManagementSystemObjects", "ManagementSystemObjects\ManagementSystemObjects.csproj", "{A83741E9-A0E0-4DF4-A768-86A474C5D2CA}"
EndProject
Project("{FAE04EC0-301F-11D3-BF4B-00C04F79EFBC}") = "WebClientProject", "WebClientProject\WebClientProject.csproj", "{7E87227F-5DD0-47A7-9E2B-25EB932D82B7}"
EndProject
Global
	GlobalSection(SolutionConfigurationPlatforms) = preSolution
		Debug|Any CPU = Debug|Any CPU
		Debug|ARM = Debug|ARM
		Debug|x64 = Debug|x64
		Debug|x86 = Debug|x86
		Release|Any CPU = Release|Any CPU
		Release|ARM = Release|ARM
		Release|x64 = Release|x64
		Release|x86 = Release|x86
	EndGlobalSection
	GlobalSection(ProjectConfigurationPlatforms) = postSolution
		{10CDAD2B-A00B-4E51-BA3A-38BEA938CB2C}.Debug|Any CPU.ActiveCfg = Debug|Any CPU
		{10CDAD2B-A00B-4E51-BA3A-38BEA938CB2C}.Debug|Any CPU.Build.0 = Debug|Any CPU
		{10CDAD2B-A00B-4E51-BA3A-38BEA938CB2C}.Debug|ARM.ActiveCfg = Debug|Any CPU
		{10CDAD2B-A00B-4E51-BA3A-38BEA938CB2C}.Debug|ARM.Build.0 = Debug|Any CPU
		{10CDAD2B-A00B-4E51-BA3A-38BEA938CB2C}.Debug|x64.ActiveCfg = Debug|Any CPU
		{10CDAD2B-A00B-4E51-BA3A-38BEA938CB2C}.Debug|x64.Build.0 = Debug|Any CPU
		{10CDAD2B-A00B-4E51-BA3A-38BEA938CB2C}.Debug|x86.ActiveCfg = Debug|Any CPU
		{10CDAD2B-A00B-4E51-BA3A-38BEA938CB2C}.Debug|x86.Build.0 = Debug|Any CPU
		{10CDAD2B-A00B-4E51-BA3A-38BEA938CB2C}.Release|Any CPU.ActiveCfg = Release|Any CPU
		{10CDAD2B-A00B-4E51-BA3A-38BEA938CB2C}.Release|Any CPU.Build.0 = Release|Any CPU
		{10CDAD2B-A00B-4E51-BA3A-38BEA938CB2C}.Release|ARM.ActiveCfg = Release|Any CPU
		{10CDAD2B-A00B-4E51-BA3A-38BEA938CB2C}.Release|ARM.Build.0 = Release|Any CPU
		{10CDAD2B-A00B-4E51-BA3A-38BEA938CB2C}.Release|x64.ActiveCfg = Release|Any CPU
		{10CDAD2B-A00B-4E51-BA3A-38BEA938CB2C}.Release|x64.Build.0 = Release|Any CPU
		{10CDAD2B-A00B-4E51-BA3A-38BEA938CB2C}.Release|x86.ActiveCfg = Release|Any CPU
		{10CDAD2B-A00B-4E51-BA3A-38BEA938CB2C}.Release|x86.Build.0 = Release|Any CPU
		{87D411F4-C6F6-49AC-8B04-C4AD98F04D5D}.Debug|Any CPU.ActiveCfg = Debug|Any CPU
		{87D411F4-C6F6-49AC-8B04-C4AD98F04D5D}.Debug|Any CPU.Build.0 = Debug|Any CPU
		{87D411F4-C6F6-49AC-8B04-C4AD98F04D5D}.Debug|ARM.ActiveCfg = Debug|Any CPU
		{87D411F4-C6F6-49AC-8B04-C4AD98F04D5D}.Debug|ARM.Build.0 = Debug|Any CPU
		{87D411F4-C6F6-49AC-8B04-C4AD98F04D5D}.Debug|x64.ActiveCfg = Debug|Any CPU
		{87D411F4-C6F6-49AC-8B04-C4AD98F04D5D}.Debug|x64.Build.0 = Debug|Any CPU
		{87D411F4-C6F6-49AC-8B04-C4AD98F04D5D}.Debug|x86.ActiveCfg = Debug|Any CPU
		{87D411F4-C6F6-49AC-8B04-C4AD98F04D5D}.Debug|x86.Build.0 = Debug|Any CPU
		{87D411F4-C6F6-49AC-8B04-C4AD98F04D5D}.Release|Any CPU.ActiveCfg = Release|Any CPU
		{87D411F4-C6F6-49AC-8B04-C4AD98F04D5D}.Release|Any CPU.Build.0 = Release|Any CPU
		{87D411F4-C6F6-49AC-8B04-C4AD98F04D5D}.Release|ARM.ActiveCfg = Release|Any CPU
		{87D411F4-C6F6-49AC-8B04-C4AD98F04D5D}.Release|ARM.Build.0 = Release|Any CPU
		{87D411F4-C6F6-49AC-8B04-C4AD98F04D5D}.Release|x64.ActiveCfg = Release|Any CPU
		{87D411F4-C6F6-49AC-8B04-C4AD98F04D5D}.Release|x64.Build.0 = Release|Any CPU
		{87D411F4-C6F6-49AC-8B04-C4AD98F04D5D}.Release|x86.ActiveCfg = Release|Any CPU
		{87D411F4-C6F6-49AC-8B04-C4AD98F04D5D}.Release|x86.Build.0 = Release|Any CPU
		{A83741E9-A0E0-4DF4-A768-86A474C5D2CA}.Debug|Any CPU.ActiveCfg = Debug|Any CPU
		{A83741E9-A0E0-4DF4-A768-86A474C5D2CA}.Debug|Any CPU.Build.0 = Debug|Any CPU
		{A83741E9-A0E0-4DF4-A768-86A474C5D2CA}.Debug|ARM.ActiveCfg = Debug|Any CPU
		{A83741E9-A0E0-4DF4-A768-86A474C5D2CA}.Debug|ARM.Build.0 = Debug|Any CPU
		{A83741E9-A0E0-4DF4-A768-86A474C5D2CA}.Debug|x64.ActiveCfg = Debug|Any CPU
		{A83741E9-A0E0-4DF4-A768-86A474C5D2CA}.Debug|x64.Build.0 = Debug|Any CPU
		{A83741E9-A0E0-4DF4-A768-86A474C5D2CA}.Debug|x86.ActiveCfg = Debug|Any CPU
		{A83741E9-A0E0-4DF4-A768-86A474C5D2CA}.Debug|x86.Build.0 = Debug|Any CPU
		{A83741E9-A0E0-4DF4-A768-86A474C5D2CA}.Release|Any CPU.ActiveCfg = Release|Any CPU
		{A83741E9-A0E0-4DF4-A768-86A474C5D2CA}.Release|Any CPU.Build.0 = Release|Any CPU
		{A83741E9-A0E0-4DF4-A768-86A474C5D2CA}.Release|ARM.ActiveCfg = Release|Any CPU
		{A83741E9-A0E0-4DF4-A768-86A474C5D2CA}.Release|ARM.Build.0 = Release|Any CPU
		{A83741E9-A0E0-4DF4-A768-86A474C5D2CA}.Release|x64.ActiveCfg = Release|Any CPU
		{A83741E9-A0E0-4DF4-A768-86A474C5D2CA}.Release|x64.Build.0 = Release|Any CPU
		{A83741E9-A0E0-4DF4-A768-86A474C5D2CA}.Release|x86.ActiveCfg = Release|Any CPU
		{A83741E9-A0E0-4DF4-A768-86A474C5D2CA}.Release|x86.Build.0 = Release|Any CPU
		{7E87227F-5DD0-47A7-9E2B-25EB932D82B7}.Debug|Any CPU.ActiveCfg = Debug|Any CPU
		{7E87227F-5DD0-47A7-9E2B-25EB932D82B7}.Debug|Any CPU.Build.0 = Debug|Any CPU
		{7E87227F-5DD0-47A7-9E2B-25EB932D82B7}.Debug|ARM.ActiveCfg = Debug|Any CPU
		{7E87227F-5DD0-47A7-9E2B-25EB932D82B7}.Debug|ARM.Build.0 = Debug|Any CPU
		{7E87227F-5DD0-47A7-9E2B-25EB932D82B7}.Debug|x64.ActiveCfg = Debug|Any CPU
		{7E87227F-5DD0-47A7-9E2B-25EB932D82B7}.Debug|x64.Build.0 = Debug|Any CPU
		{7E87227F-5DD0-47A7-9E2B-25EB932D82B7}.Debug|x86.ActiveCfg = Debug|Any CPU
		{7E87227F-5DD0-47A7-9E2B-25EB932D82B7}.Debug|x86.Build.0 = Debug|Any CPU
		{7E87227F-5DD0-47A7-9E2B-25EB932D82B7}.Release|Any CPU.ActiveCfg = Release|Any CPU
		{7E87227F-5DD0-47A7-9E2B-25EB932D82B7}.Release|Any CPU.Build.0 = Release|Any CPU
		{7E87227F-5DD0-47A7-9E2B-25EB932D82B7}.Release|ARM.ActiveCfg = Release|Any CPU
		{7E87227F-5DD0-47A7-9E2B-25EB932D82B7}.Release|ARM.Build.0 = Release|Any CPU
		{7E87227F-5DD0-47A7-9E2B-25EB932D82B7}.Release|x64.ActiveCfg = Release|Any CPU
		{7E87227F-5DD0-47A7-9E2B-25EB932D82B7}.Release|x64.Build.0 = Release|Any CPU
		{7E87227F-5DD0-47A7-9E2B-25EB932D82B7}.Release|x86.ActiveCfg = Release|Any CPU
		{7E87227F-5DD0-47A7-9E2B-25EB932D82B7}.Release|x86.Build.0 = Release|Any CPU
	EndGlobalSection
	GlobalSection(SolutionProperties) = preSolution
		HideSolutionNode = FALSE
	EndGlobalSection
EndGlobal
