
Microsoft Visual Studio Solution File, Format Version 12.00
# Visual Studio 14
VisualStudioVersion = 14.0.24720.0
MinimumVisualStudioVersion = 10.0.40219.1
Project("{FAE04EC0-301F-11D3-BF4B-00C04F79EFBC}") = "BusinessCalendar(ASP.NET Application)", "ASP.NET\BusinessCalendar(ASP.NET Application).csproj", "{EF4B3455-0C60-4B49-BE9C-DDBADBCCD6EB}"
EndProject
Project("{FAE04EC0-301F-11D3-BF4B-00C04F79EFBC}") = "BusinessCalendar(BusinessServers)", "BusinessServers\BusinessCalendar(BusinessServers).csproj", "{7F996EA6-6419-492C-A142-7AB6FA3928C0}"
EndProject
Project("{FAE04EC0-301F-11D3-BF4B-00C04F79EFBC}") = "BusinessCalendar(BusinessServersBF)", "BusinessServersBF\BusinessCalendar(BusinessServersBF).csproj", "{295C0165-2A42-4F12-9D6A-A83068B0037F}"
EndProject
Project("{FAE04EC0-301F-11D3-BF4B-00C04F79EFBC}") = "BusinessCalendar(Objects)", "Objects\BusinessCalendar(Objects).csproj", "{BDBA3B22-AAF1-4562-8798-8AF16E792959}"
EndProject
Global
	GlobalSection(SolutionConfigurationPlatforms) = preSolution
		Debug|Any CPU = Debug|Any CPU
		Release|Any CPU = Release|Any CPU
	EndGlobalSection
	GlobalSection(ProjectConfigurationPlatforms) = postSolution
		{EF4B3455-0C60-4B49-BE9C-DDBADBCCD6EB}.Debug|Any CPU.ActiveCfg = Debug|Any CPU
		{EF4B3455-0C60-4B49-BE9C-DDBADBCCD6EB}.Debug|Any CPU.Build.0 = Debug|Any CPU
		{EF4B3455-0C60-4B49-BE9C-DDBADBCCD6EB}.Release|Any CPU.ActiveCfg = Release|Any CPU
		{EF4B3455-0C60-4B49-BE9C-DDBADBCCD6EB}.Release|Any CPU.Build.0 = Release|Any CPU
		{7F996EA6-6419-492C-A142-7AB6FA3928C0}.Debug|Any CPU.ActiveCfg = Debug|Any CPU
		{7F996EA6-6419-492C-A142-7AB6FA3928C0}.Debug|Any CPU.Build.0 = Debug|Any CPU
		{7F996EA6-6419-492C-A142-7AB6FA3928C0}.Release|Any CPU.ActiveCfg = Release|Any CPU
		{7F996EA6-6419-492C-A142-7AB6FA3928C0}.Release|Any CPU.Build.0 = Release|Any CPU
		{295C0165-2A42-4F12-9D6A-A83068B0037F}.Debug|Any CPU.ActiveCfg = Debug|Any CPU
		{295C0165-2A42-4F12-9D6A-A83068B0037F}.Debug|Any CPU.Build.0 = Debug|Any CPU
		{295C0165-2A42-4F12-9D6A-A83068B0037F}.Release|Any CPU.ActiveCfg = Release|Any CPU
		{295C0165-2A42-4F12-9D6A-A83068B0037F}.Release|Any CPU.Build.0 = Release|Any CPU
		{BDBA3B22-AAF1-4562-8798-8AF16E792959}.Debug|Any CPU.ActiveCfg = Debug|Any CPU
		{BDBA3B22-AAF1-4562-8798-8AF16E792959}.Debug|Any CPU.Build.0 = Debug|Any CPU
		{BDBA3B22-AAF1-4562-8798-8AF16E792959}.Release|Any CPU.ActiveCfg = Release|Any CPU
		{BDBA3B22-AAF1-4562-8798-8AF16E792959}.Release|Any CPU.Build.0 = Release|Any CPU
	EndGlobalSection
	GlobalSection(SolutionProperties) = preSolution
		HideSolutionNode = FALSE
	EndGlobalSection
	GlobalSection(ExtensibilityGlobals) = postSolution
		EnterpriseLibraryConfigurationToolBinariesPath = packages\Unity.2.1.505.2\lib\NET35
	EndGlobalSection
EndGlobal
