
Microsoft Visual Studio Solution File, Format Version 12.00
# Visual Studio 2013
VisualStudioVersion = 12.0.31101.0
MinimumVisualStudioVersion = 10.0.40219.1
Project("{FAE04EC0-301F-11D3-BF4B-00C04F79EFBC}") = "TeploUchet(ASP.NET Application)", "ASP.NET\TeploUchet(ASP.NET Application).csproj", "{5B2A078F-7FB0-4AED-B9B3-7F2F14ACE4B0}"
EndProject
Project("{FAE04EC0-301F-11D3-BF4B-00C04F79EFBC}") = "TeploUchet(BusinessServers)", "BusinessServers\TeploUchet(BusinessServers).csproj", "{71CD41DD-DA0C-467E-8864-09CF47E8D947}"
EndProject
Project("{FAE04EC0-301F-11D3-BF4B-00C04F79EFBC}") = "TeploUchet(BusinessServersBF)", "BusinessServersBF\TeploUchet(BusinessServersBF).csproj", "{CE5DFE53-D53A-4F58-BF8D-EB24F455C6F8}"
EndProject
Project("{FAE04EC0-301F-11D3-BF4B-00C04F79EFBC}") = "TeploUchet(Objects)", "Objects\TeploUchet(Objects).csproj", "{040FCC07-B87D-4B08-B429-1CC6B355C3AF}"
EndProject
Global
	GlobalSection(SolutionConfigurationPlatforms) = preSolution
Debug|Any CPU = Debug|Any CPU
Release|Any CPU = Release|Any CPU
	EndGlobalSection
	GlobalSection(ProjectConfigurationPlatforms) = postSolution
		{5B2A078F-7FB0-4AED-B9B3-7F2F14ACE4B0}.Debug|Any CPU.ActiveCfg = Debug|Any CPU
		{5B2A078F-7FB0-4AED-B9B3-7F2F14ACE4B0}.Debug|Any CPU.Build.0 = Debug|Any CPU
		{5B2A078F-7FB0-4AED-B9B3-7F2F14ACE4B0}.Release|Any CPU.ActiveCfg = Release|Any CPU
		{5B2A078F-7FB0-4AED-B9B3-7F2F14ACE4B0}.Release|Any CPU.Build.0 = Release|Any CPU
		{71CD41DD-DA0C-467E-8864-09CF47E8D947}.Debug|Any CPU.ActiveCfg = Debug|Any CPU
		{71CD41DD-DA0C-467E-8864-09CF47E8D947}.Debug|Any CPU.Build.0 = Debug|Any CPU
		{71CD41DD-DA0C-467E-8864-09CF47E8D947}.Release|Any CPU.ActiveCfg = Release|Any CPU
		{71CD41DD-DA0C-467E-8864-09CF47E8D947}.Release|Any CPU.Build.0 = Release|Any CPU
		{CE5DFE53-D53A-4F58-BF8D-EB24F455C6F8}.Debug|Any CPU.ActiveCfg = Debug|Any CPU
		{CE5DFE53-D53A-4F58-BF8D-EB24F455C6F8}.Debug|Any CPU.Build.0 = Debug|Any CPU
		{CE5DFE53-D53A-4F58-BF8D-EB24F455C6F8}.Release|Any CPU.ActiveCfg = Release|Any CPU
		{CE5DFE53-D53A-4F58-BF8D-EB24F455C6F8}.Release|Any CPU.Build.0 = Release|Any CPU
		{040FCC07-B87D-4B08-B429-1CC6B355C3AF}.Debug|Any CPU.ActiveCfg = Debug|Any CPU
		{040FCC07-B87D-4B08-B429-1CC6B355C3AF}.Debug|Any CPU.Build.0 = Debug|Any CPU
		{040FCC07-B87D-4B08-B429-1CC6B355C3AF}.Release|Any CPU.ActiveCfg = Release|Any CPU
		{040FCC07-B87D-4B08-B429-1CC6B355C3AF}.Release|Any CPU.Build.0 = Release|Any CPU
	EndGlobalSection
	GlobalSection(SolutionProperties) = preSolution
		HideSolutionNode = FALSE
	EndGlobalSection
EndGlobal
