
Microsoft Visual Studio Solution File, Format Version 12.00
# Visual Studio 14
VisualStudioVersion = 14.0.25420.1
MinimumVisualStudioVersion = 10.0.40219.1
Project("{FAE04EC0-301F-11D3-BF4B-00C04F79EFBC}") = "Calculations", "Calculations\Calculations.csproj", "{8270CC7B-2F30-4BCD-A769-DE1942F0A0E7}"
EndProject
Project("{FAE04EC0-301F-11D3-BF4B-00C04F79EFBC}") = "SportSchool.Tests", "SportSchool.Tests\SportSchool.Tests.csproj", "{C20D0C70-DBD4-4974-9EE5-E150839C7AA8}"
EndProject
Project("{FAE04EC0-301F-11D3-BF4B-00C04F79EFBC}") = "SportSchool.Objects", "SportSchool.Objects\SportSchool.Objects.csproj", "{4540E490-18D8-47DE-A1F3-4722AA67059D}"
EndProject
Project("{FAE04EC0-301F-11D3-BF4B-00C04F79EFBC}") = "SportSchool", "SportSchool\SportSchool.csproj", "{ADA80563-2423-4CA7-8D45-ABEED5CD08E0}"
EndProject
Project("{FAE04EC0-301F-11D3-BF4B-00C04F79EFBC}") = "SportSchool.DAL", "SportSchool.DAL\SportSchool.DAL.csproj", "{FB3A85FA-4BAE-404C-8FBC-5BD8F065C55A}"
EndProject
Global
	GlobalSection(SolutionConfigurationPlatforms) = preSolution
		Debug|Any CPU = Debug|Any CPU
		Release|Any CPU = Release|Any CPU
	EndGlobalSection
	GlobalSection(ProjectConfigurationPlatforms) = postSolution
		{8270CC7B-2F30-4BCD-A769-DE1942F0A0E7}.Debug|Any CPU.ActiveCfg = Debug|Any CPU
		{8270CC7B-2F30-4BCD-A769-DE1942F0A0E7}.Debug|Any CPU.Build.0 = Debug|Any CPU
		{8270CC7B-2F30-4BCD-A769-DE1942F0A0E7}.Release|Any CPU.ActiveCfg = Release|Any CPU
		{8270CC7B-2F30-4BCD-A769-DE1942F0A0E7}.Release|Any CPU.Build.0 = Release|Any CPU
		{C20D0C70-DBD4-4974-9EE5-E150839C7AA8}.Debug|Any CPU.ActiveCfg = Debug|Any CPU
		{C20D0C70-DBD4-4974-9EE5-E150839C7AA8}.Debug|Any CPU.Build.0 = Debug|Any CPU
		{C20D0C70-DBD4-4974-9EE5-E150839C7AA8}.Release|Any CPU.ActiveCfg = Release|Any CPU
		{C20D0C70-DBD4-4974-9EE5-E150839C7AA8}.Release|Any CPU.Build.0 = Release|Any CPU
		{4540E490-18D8-47DE-A1F3-4722AA67059D}.Debug|Any CPU.ActiveCfg = Debug|Any CPU
		{4540E490-18D8-47DE-A1F3-4722AA67059D}.Debug|Any CPU.Build.0 = Debug|Any CPU
		{4540E490-18D8-47DE-A1F3-4722AA67059D}.Release|Any CPU.ActiveCfg = Release|Any CPU
		{4540E490-18D8-47DE-A1F3-4722AA67059D}.Release|Any CPU.Build.0 = Release|Any CPU
		{ADA80563-2423-4CA7-8D45-ABEED5CD08E0}.Debug|Any CPU.ActiveCfg = Debug|Any CPU
		{ADA80563-2423-4CA7-8D45-ABEED5CD08E0}.Debug|Any CPU.Build.0 = Debug|Any CPU
		{ADA80563-2423-4CA7-8D45-ABEED5CD08E0}.Release|Any CPU.ActiveCfg = Release|Any CPU
		{ADA80563-2423-4CA7-8D45-ABEED5CD08E0}.Release|Any CPU.Build.0 = Release|Any CPU
		{FB3A85FA-4BAE-404C-8FBC-5BD8F065C55A}.Debug|Any CPU.ActiveCfg = Debug|Any CPU
		{FB3A85FA-4BAE-404C-8FBC-5BD8F065C55A}.Debug|Any CPU.Build.0 = Debug|Any CPU
		{FB3A85FA-4BAE-404C-8FBC-5BD8F065C55A}.Release|Any CPU.ActiveCfg = Release|Any CPU
		{FB3A85FA-4BAE-404C-8FBC-5BD8F065C55A}.Release|Any CPU.Build.0 = Release|Any CPU
	EndGlobalSection
	GlobalSection(SolutionProperties) = preSolution
		HideSolutionNode = FALSE
	EndGlobalSection
EndGlobal
